
Microsoft Visual Studio Solution File, Format Version 12.00
# Visual Studio Version 17
VisualStudioVersion = 17.13.35828.75 d17.13
MinimumVisualStudioVersion = 10.0.40219.1
Project("{8BC9CEB8-8B4A-11D0-8D11-00A0C91BC942}") = "v0.1_demo", "v0.1_demo.vcxproj", "{42766C67-D77E-4179-BCB7-3A7197310DFA}"
EndProject
Global
	GlobalSection(SolutionConfigurationPlatforms) = preSolution
		Debug|x64 = Debug|x64
		Release|x64 = Release|x64
	EndGlobalSection
	GlobalSection(ProjectConfigurationPlatforms) = postSolution
		{42766C67-D77E-4179-BCB7-3A7197310DFA}.Debug|x64.ActiveCfg = Debug|x64
		{42766C67-D77E-4179-BCB7-3A7197310DFA}.Debug|x64.Build.0 = Debug|x64
		{42766C67-D77E-4179-BCB7-3A7197310DFA}.Release|x64.ActiveCfg = Release|x64
		{42766C67-D77E-4179-BCB7-3A7197310DFA}.Release|x64.Build.0 = Release|x64
	EndGlobalSection
	GlobalSection(SolutionProperties) = preSolution
		HideSolutionNode = FALSE
	EndGlobalSection
	GlobalSection(ExtensibilityGlobals) = postSolution
		SolutionGuid = {691EE081-7179-4991-A25E-459DA15AD09B}
	EndGlobalSection
EndGlobal
